
Microsoft Visual Studio Solution File, Format Version 12.00
# Visual Studio 14
VisualStudioVersion = 14.0.25123.0
MinimumVisualStudioVersion = 10.0.40219.1
Project("{FAE04EC0-301F-11D3-BF4B-00C04F79EFBC}") = "akcet-fakturi", "akcet-fakturi\akcet-fakturi.csproj", "{97630740-0004-4C1F-BD20-88A414090F88}"
EndProject
Project("{FAE04EC0-301F-11D3-BF4B-00C04F79EFBC}") = "akcetDB", "akcetDB\akcetDB.csproj", "{21CB195B-19EE-4006-84C5-FE92EB88D29A}"
EndProject
Project("{FAE04EC0-301F-11D3-BF4B-00C04F79EFBC}") = "Tools", "Tools\Tools.csproj", "{6B537C08-5536-4F06-BB20-BC557CBD9278}"
EndProject
Global
	GlobalSection(SolutionConfigurationPlatforms) = preSolution
		Debug|Any CPU = Debug|Any CPU
		Release|Any CPU = Release|Any CPU
	EndGlobalSection
	GlobalSection(ProjectConfigurationPlatforms) = postSolution
		{97630740-0004-4C1F-BD20-88A414090F88}.Debug|Any CPU.ActiveCfg = Debug|Any CPU
		{97630740-0004-4C1F-BD20-88A414090F88}.Debug|Any CPU.Build.0 = Debug|Any CPU
		{97630740-0004-4C1F-BD20-88A414090F88}.Release|Any CPU.ActiveCfg = Release|Any CPU
		{97630740-0004-4C1F-BD20-88A414090F88}.Release|Any CPU.Build.0 = Release|Any CPU
		{21CB195B-19EE-4006-84C5-FE92EB88D29A}.Debug|Any CPU.ActiveCfg = Debug|Any CPU
		{21CB195B-19EE-4006-84C5-FE92EB88D29A}.Debug|Any CPU.Build.0 = Debug|Any CPU
		{21CB195B-19EE-4006-84C5-FE92EB88D29A}.Release|Any CPU.ActiveCfg = Release|Any CPU
		{21CB195B-19EE-4006-84C5-FE92EB88D29A}.Release|Any CPU.Build.0 = Release|Any CPU
		{6B537C08-5536-4F06-BB20-BC557CBD9278}.Debug|Any CPU.ActiveCfg = Debug|Any CPU
		{6B537C08-5536-4F06-BB20-BC557CBD9278}.Debug|Any CPU.Build.0 = Debug|Any CPU
		{6B537C08-5536-4F06-BB20-BC557CBD9278}.Release|Any CPU.ActiveCfg = Release|Any CPU
		{6B537C08-5536-4F06-BB20-BC557CBD9278}.Release|Any CPU.Build.0 = Release|Any CPU
	EndGlobalSection
	GlobalSection(SolutionProperties) = preSolution
		HideSolutionNode = FALSE
	EndGlobalSection
EndGlobal
